// !$*UTF8*$!
{
	archiveVersion = 1;
	classes = {
	};
	objectVersion = 56;
	objects = {

/* Begin PBXBuildFile section */
		74336CEE2A37088500EB7C47 /* SleepStageSheetView.swift in Sources */ = {isa = PBXBuildFile; fileRef = 74336CED2A37088500EB7C47 /* SleepStageSheetView.swift */; };
		7475BC312A32C14600B3DB7C /* OneDimensionalBarChartView.swift in Sources */ = {isa = PBXBuildFile; fileRef = 7475BC302A32C14600B3DB7C /* OneDimensionalBarChartView.swift */; };
		7475BC3D2A345D9000B3DB7C /* Font.swift in Sources */ = {isa = PBXBuildFile; fileRef = 7475BC3C2A345D9000B3DB7C /* Font.swift */; };
		7475BC522A34653500B3DB7C /* Color.swift in Sources */ = {isa = PBXBuildFile; fileRef = 7475BC512A34653500B3DB7C /* Color.swift */; };
		7485EF8E2A36B50E0063A376 /* CharacterStateViewModel.swift in Sources */ = {isa = PBXBuildFile; fileRef = 7485EF8D2A36B50E0063A376 /* CharacterStateViewModel.swift */; };
		74B121822A2D8E780080CF55 /* TimeBarChartView.swift in Sources */ = {isa = PBXBuildFile; fileRef = 74B121812A2D8E780080CF55 /* TimeBarChartView.swift */; };
		A23E36352A36303800EB2D12 /* PopUpViewInfo.swift in Sources */ = {isa = PBXBuildFile; fileRef = A23E36342A36303800EB2D12 /* PopUpViewInfo.swift */; };
		A245D4002A34C0AD0058EABB /* WeeklyReportView.swift in Sources */ = {isa = PBXBuildFile; fileRef = A245D3FF2A34C0AD0058EABB /* WeeklyReportView.swift */; };
		A245D4022A34CD0B0058EABB /* SleepEfficiency.swift in Sources */ = {isa = PBXBuildFile; fileRef = A245D4012A34CD0B0058EABB /* SleepEfficiency.swift */; };
		A245D4042A35AE540058EABB /* SleepFilteringFunc.swift in Sources */ = {isa = PBXBuildFile; fileRef = A245D4032A35AE540058EABB /* SleepFilteringFunc.swift */; };
		A263145B2A32BED50044D204 /* HomeView.swift in Sources */ = {isa = PBXBuildFile; fileRef = A263145A2A32BED50044D204 /* HomeView.swift */; };
		A2A6B7E32A2F9B4300048231 /* Date+Extension.swift in Sources */ = {isa = PBXBuildFile; fileRef = A2A6B7E22A2F9B4300048231 /* Date+Extension.swift */; };
		A2A6B7E52A2F9B8800048231 /* WeekStore.swift in Sources */ = {isa = PBXBuildFile; fileRef = A2A6B7E42A2F9B8800048231 /* WeekStore.swift */; };
		A2A6B7E82A2F9BF400048231 /* TimeDirection.swift in Sources */ = {isa = PBXBuildFile; fileRef = A2A6B7E72A2F9BF400048231 /* TimeDirection.swift */; };
		A2A6B7EA2A2F9C4B00048231 /* InfiniteWeekView.swift in Sources */ = {isa = PBXBuildFile; fileRef = A2A6B7E92A2F9C4B00048231 /* InfiniteWeekView.swift */; };
		A2A6B7EC2A2F9CB300048231 /* WeekHeaderView.swift in Sources */ = {isa = PBXBuildFile; fileRef = A2A6B7EB2A2F9CB300048231 /* WeekHeaderView.swift */; };
		A2A6B7EE2A2F9CE400048231 /* WeeksTabView.swift in Sources */ = {isa = PBXBuildFile; fileRef = A2A6B7ED2A2F9CE400048231 /* WeeksTabView.swift */; };
		A2A6B7F02A2F9D1B00048231 /* WeekView.swift in Sources */ = {isa = PBXBuildFile; fileRef = A2A6B7EF2A2F9D1B00048231 /* WeekView.swift */; };
		A2A6BA452A8C7ADA00AE84A1 /* SleepEntry.swift in Sources */ = {isa = PBXBuildFile; fileRef = A2A6BA442A8C7ADA00AE84A1 /* SleepEntry.swift */; };
		A2EE7AD42A36B9860055B5CC /* UserNotif.swift in Sources */ = {isa = PBXBuildFile; fileRef = A2EE7AD32A36B9860055B5CC /* UserNotif.swift */; };
		A2EE7AD62A370C180055B5CC /* OnboardingView.swift in Sources */ = {isa = PBXBuildFile; fileRef = A2EE7AD52A370C180055B5CC /* OnboardingView.swift */; };
		A2EF5B612A252324001EBA7B /* ToRooApp.swift in Sources */ = {isa = PBXBuildFile; fileRef = A2EF5B602A252324001EBA7B /* ToRooApp.swift */; };
		A2EF5B632A252324001EBA7B /* ContentView.swift in Sources */ = {isa = PBXBuildFile; fileRef = A2EF5B622A252324001EBA7B /* ContentView.swift */; };
		A2EF5B652A252325001EBA7B /* Assets.xcassets in Resources */ = {isa = PBXBuildFile; fileRef = A2EF5B642A252325001EBA7B /* Assets.xcassets */; };
		A2EF5B682A252325001EBA7B /* Preview Assets.xcassets in Resources */ = {isa = PBXBuildFile; fileRef = A2EF5B672A252325001EBA7B /* Preview Assets.xcassets */; };
		A2EF5B9F2A278E16001EBA7B /* Sleep.swift in Sources */ = {isa = PBXBuildFile; fileRef = A2EF5B9E2A278E16001EBA7B /* Sleep.swift */; };
		A2EF5BA32A2799E1001EBA7B /* SleepEnum.swift in Sources */ = {isa = PBXBuildFile; fileRef = A2EF5BA22A2799E1001EBA7B /* SleepEnum.swift */; };
		A2EF5BA62A2B273B001EBA7B /* SleepSummaryView.swift in Sources */ = {isa = PBXBuildFile; fileRef = A2EF5BA52A2B273B001EBA7B /* SleepSummaryView.swift */; };
/* End PBXBuildFile section */

/* Begin PBXCopyFilesBuildPhase section */
		A21A5B352A376E9B00F141DF /* Embed Foundation Extensions */ = {
			isa = PBXCopyFilesBuildPhase;
			buildActionMask = 2147483647;
			dstPath = "";
			dstSubfolderSpec = 13;
			files = (
			);
			name = "Embed Foundation Extensions";
			runOnlyForDeploymentPostprocessing = 0;
		};
/* End PBXCopyFilesBuildPhase section */

/* Begin PBXFileReference section */
		74336CED2A37088500EB7C47 /* SleepStageSheetView.swift */ = {isa = PBXFileReference; lastKnownFileType = sourcecode.swift; path = SleepStageSheetView.swift; sourceTree = "<group>"; };
		7475BC302A32C14600B3DB7C /* OneDimensionalBarChartView.swift */ = {isa = PBXFileReference; lastKnownFileType = sourcecode.swift; path = OneDimensionalBarChartView.swift; sourceTree = "<group>"; };
		7475BC3C2A345D9000B3DB7C /* Font.swift */ = {isa = PBXFileReference; lastKnownFileType = sourcecode.swift; path = Font.swift; sourceTree = "<group>"; };
		7475BC3E2A345F5400B3DB7C /* Info.plist */ = {isa = PBXFileReference; lastKnownFileType = text.plist; path = Info.plist; sourceTree = "<group>"; };
		7475BC512A34653500B3DB7C /* Color.swift */ = {isa = PBXFileReference; lastKnownFileType = sourcecode.swift; path = Color.swift; sourceTree = "<group>"; };
		7485EF8D2A36B50E0063A376 /* CharacterStateViewModel.swift */ = {isa = PBXFileReference; lastKnownFileType = sourcecode.swift; path = CharacterStateViewModel.swift; sourceTree = "<group>"; };
		74B121812A2D8E780080CF55 /* TimeBarChartView.swift */ = {isa = PBXFileReference; lastKnownFileType = sourcecode.swift; path = TimeBarChartView.swift; sourceTree = "<group>"; };
		A23E36342A36303800EB2D12 /* PopUpViewInfo.swift */ = {isa = PBXFileReference; lastKnownFileType = sourcecode.swift; path = PopUpViewInfo.swift; sourceTree = "<group>"; };
		A245D3FF2A34C0AD0058EABB /* WeeklyReportView.swift */ = {isa = PBXFileReference; lastKnownFileType = sourcecode.swift; path = WeeklyReportView.swift; sourceTree = "<group>"; };
		A245D4012A34CD0B0058EABB /* SleepEfficiency.swift */ = {isa = PBXFileReference; lastKnownFileType = sourcecode.swift; path = SleepEfficiency.swift; sourceTree = "<group>"; };
		A245D4032A35AE540058EABB /* SleepFilteringFunc.swift */ = {isa = PBXFileReference; lastKnownFileType = sourcecode.swift; path = SleepFilteringFunc.swift; sourceTree = "<group>"; };
		A263145A2A32BED50044D204 /* HomeView.swift */ = {isa = PBXFileReference; lastKnownFileType = sourcecode.swift; path = HomeView.swift; sourceTree = "<group>"; };
		A2A6B7E22A2F9B4300048231 /* Date+Extension.swift */ = {isa = PBXFileReference; lastKnownFileType = sourcecode.swift; path = "Date+Extension.swift"; sourceTree = "<group>"; };
		A2A6B7E42A2F9B8800048231 /* WeekStore.swift */ = {isa = PBXFileReference; lastKnownFileType = sourcecode.swift; path = WeekStore.swift; sourceTree = "<group>"; };
		A2A6B7E72A2F9BF400048231 /* TimeDirection.swift */ = {isa = PBXFileReference; lastKnownFileType = sourcecode.swift; path = TimeDirection.swift; sourceTree = "<group>"; };
		A2A6B7E92A2F9C4B00048231 /* InfiniteWeekView.swift */ = {isa = PBXFileReference; lastKnownFileType = sourcecode.swift; path = InfiniteWeekView.swift; sourceTree = "<group>"; };
		A2A6B7EB2A2F9CB300048231 /* WeekHeaderView.swift */ = {isa = PBXFileReference; lastKnownFileType = sourcecode.swift; path = WeekHeaderView.swift; sourceTree = "<group>"; };
		A2A6B7ED2A2F9CE400048231 /* WeeksTabView.swift */ = {isa = PBXFileReference; lastKnownFileType = sourcecode.swift; path = WeeksTabView.swift; sourceTree = "<group>"; };
		A2A6B7EF2A2F9D1B00048231 /* WeekView.swift */ = {isa = PBXFileReference; lastKnownFileType = sourcecode.swift; path = WeekView.swift; sourceTree = "<group>"; };
		A2A6BA442A8C7ADA00AE84A1 /* SleepEntry.swift */ = {isa = PBXFileReference; lastKnownFileType = sourcecode.swift; path = SleepEntry.swift; sourceTree = "<group>"; };
		A2EE7AD32A36B9860055B5CC /* UserNotif.swift */ = {isa = PBXFileReference; lastKnownFileType = sourcecode.swift; path = UserNotif.swift; sourceTree = "<group>"; };
		A2EE7AD52A370C180055B5CC /* OnboardingView.swift */ = {isa = PBXFileReference; lastKnownFileType = sourcecode.swift; path = OnboardingView.swift; sourceTree = "<group>"; };
		A2EE7AD82A3757DE0055B5CC /* SF-Pro-Rounded-Heavy.otf */ = {isa = PBXFileReference; lastKnownFileType = file; path = "SF-Pro-Rounded-Heavy.otf"; sourceTree = "<group>"; };
		A2EE7AD92A3757DE0055B5CC /* SF-Pro-Rounded-Black.otf */ = {isa = PBXFileReference; lastKnownFileType = file; path = "SF-Pro-Rounded-Black.otf"; sourceTree = "<group>"; };
		A2EE7ADA2A3757DE0055B5CC /* SF-Pro-Rounded-Bold.otf */ = {isa = PBXFileReference; lastKnownFileType = file; path = "SF-Pro-Rounded-Bold.otf"; sourceTree = "<group>"; };
		A2EE7ADB2A3757DE0055B5CC /* SF-Pro-Rounded-Light.otf */ = {isa = PBXFileReference; lastKnownFileType = file; path = "SF-Pro-Rounded-Light.otf"; sourceTree = "<group>"; };
		A2EE7ADC2A3757DE0055B5CC /* SF-Pro-Rounded-Semibold.otf */ = {isa = PBXFileReference; lastKnownFileType = file; path = "SF-Pro-Rounded-Semibold.otf"; sourceTree = "<group>"; };
		A2EE7ADD2A3757DF0055B5CC /* SF-Pro-Rounded-Medium.otf */ = {isa = PBXFileReference; lastKnownFileType = file; path = "SF-Pro-Rounded-Medium.otf"; sourceTree = "<group>"; };
		A2EE7ADE2A3757DF0055B5CC /* SF-Pro-Rounded-Regular.otf */ = {isa = PBXFileReference; lastKnownFileType = file; path = "SF-Pro-Rounded-Regular.otf"; sourceTree = "<group>"; };
		A2EF5B5D2A252324001EBA7B /* SleepWithToRoo.app */ = {isa = PBXFileReference; explicitFileType = wrapper.application; includeInIndex = 0; path = SleepWithToRoo.app; sourceTree = BUILT_PRODUCTS_DIR; };
		A2EF5B602A252324001EBA7B /* ToRooApp.swift */ = {isa = PBXFileReference; lastKnownFileType = sourcecode.swift; path = ToRooApp.swift; sourceTree = "<group>"; };
		A2EF5B622A252324001EBA7B /* ContentView.swift */ = {isa = PBXFileReference; lastKnownFileType = sourcecode.swift; path = ContentView.swift; sourceTree = "<group>"; };
		A2EF5B642A252325001EBA7B /* Assets.xcassets */ = {isa = PBXFileReference; lastKnownFileType = folder.assetcatalog; path = Assets.xcassets; sourceTree = "<group>"; };
		A2EF5B672A252325001EBA7B /* Preview Assets.xcassets */ = {isa = PBXFileReference; lastKnownFileType = folder.assetcatalog; path = "Preview Assets.xcassets"; sourceTree = "<group>"; };
		A2EF5B9E2A278E16001EBA7B /* Sleep.swift */ = {isa = PBXFileReference; lastKnownFileType = sourcecode.swift; path = Sleep.swift; sourceTree = "<group>"; };
		A2EF5BA22A2799E1001EBA7B /* SleepEnum.swift */ = {isa = PBXFileReference; lastKnownFileType = sourcecode.swift; path = SleepEnum.swift; sourceTree = "<group>"; };
		A2EF5BA42A279CD8001EBA7B /* ToRoo.entitlements */ = {isa = PBXFileReference; lastKnownFileType = text.plist.entitlements; path = ToRoo.entitlements; sourceTree = "<group>"; };
		A2EF5BA52A2B273B001EBA7B /* SleepSummaryView.swift */ = {isa = PBXFileReference; lastKnownFileType = sourcecode.swift; path = SleepSummaryView.swift; sourceTree = "<group>"; };
/* End PBXFileReference section */

/* Begin PBXFrameworksBuildPhase section */
		A2EF5B5A2A252323001EBA7B /* Frameworks */ = {
			isa = PBXFrameworksBuildPhase;
			buildActionMask = 2147483647;
			files = (
			);
			runOnlyForDeploymentPostprocessing = 0;
		};
/* End PBXFrameworksBuildPhase section */

/* Begin PBXGroup section */
		A2A6B7E12A2F9B2600048231 /* Extensions */ = {
			isa = PBXGroup;
			children = (
				A2A6B7E22A2F9B4300048231 /* Date+Extension.swift */,
				7475BC3C2A345D9000B3DB7C /* Font.swift */,
				7475BC512A34653500B3DB7C /* Color.swift */,
			);
			path = Extensions;
			sourceTree = "<group>";
		};
		A2A6B7E62A2F9BE400048231 /* Enum */ = {
			isa = PBXGroup;
			children = (
				A2A6B7E72A2F9BF400048231 /* TimeDirection.swift */,
			);
			path = Enum;
			sourceTree = "<group>";
		};
		A2A6B7F12A2FA01100048231 /* Date */ = {
			isa = PBXGroup;
			children = (
				A2A6B7E92A2F9C4B00048231 /* InfiniteWeekView.swift */,
				A2A6B7EB2A2F9CB300048231 /* WeekHeaderView.swift */,
				A2A6B7ED2A2F9CE400048231 /* WeeksTabView.swift */,
				A2A6B7EF2A2F9D1B00048231 /* WeekView.swift */,
			);
			path = Date;
			sourceTree = "<group>";
		};
		A2A6B7F22A2FA01F00048231 /* Chart */ = {
			isa = PBXGroup;
			children = (
				74B121812A2D8E780080CF55 /* TimeBarChartView.swift */,
				7475BC302A32C14600B3DB7C /* OneDimensionalBarChartView.swift */,
			);
			path = Chart;
			sourceTree = "<group>";
		};
		A2A6BA3E2A8B1C6500AE84A1 /* ViewModel */ = {
			isa = PBXGroup;
			children = (
				7485EF8D2A36B50E0063A376 /* CharacterStateViewModel.swift */,
				A245D4032A35AE540058EABB /* SleepFilteringFunc.swift */,
				A2EE7AD32A36B9860055B5CC /* UserNotif.swift */,
			);
			path = ViewModel;
			sourceTree = "<group>";
		};
		A2A6BA3F2A8B1CA200AE84A1 /* SupportingFiles */ = {
			isa = PBXGroup;
			children = (
				A2EE7AD72A3757D40055B5CC /* Fonts */,
				A2EF5B642A252325001EBA7B /* Assets.xcassets */,
			);
			path = SupportingFiles;
			sourceTree = "<group>";
		};
		A2EE7AD72A3757D40055B5CC /* Fonts */ = {
			isa = PBXGroup;
			children = (
				A2EE7AD92A3757DE0055B5CC /* SF-Pro-Rounded-Black.otf */,
				A2EE7ADA2A3757DE0055B5CC /* SF-Pro-Rounded-Bold.otf */,
				A2EE7AD82A3757DE0055B5CC /* SF-Pro-Rounded-Heavy.otf */,
				A2EE7ADB2A3757DE0055B5CC /* SF-Pro-Rounded-Light.otf */,
				A2EE7ADD2A3757DF0055B5CC /* SF-Pro-Rounded-Medium.otf */,
				A2EE7ADE2A3757DF0055B5CC /* SF-Pro-Rounded-Regular.otf */,
				A2EE7ADC2A3757DE0055B5CC /* SF-Pro-Rounded-Semibold.otf */,
			);
			path = Fonts;
			sourceTree = "<group>";
		};
		A2EF5B542A252323001EBA7B = {
			isa = PBXGroup;
			children = (
				A2EF5B5F2A252324001EBA7B /* ToRoo */,
				A2EF5B5E2A252324001EBA7B /* Products */,
			);
			sourceTree = "<group>";
		};
		A2EF5B5E2A252324001EBA7B /* Products */ = {
			isa = PBXGroup;
			children = (
				A2EF5B5D2A252324001EBA7B /* SleepWithToRoo.app */,
			);
			name = Products;
			sourceTree = "<group>";
		};
		A2EF5B5F2A252324001EBA7B /* ToRoo */ = {
			isa = PBXGroup;
			children = (
				7475BC3E2A345F5400B3DB7C /* Info.plist */,
				A2EF5BA42A279CD8001EBA7B /* ToRoo.entitlements */,
				A2A6BA3E2A8B1C6500AE84A1 /* ViewModel */,
				A2EF5BA12A2799C6001EBA7B /* Utilities */,
				A2EF5BA02A2799BE001EBA7B /* Views */,
				A2EF5B9D2A278E06001EBA7B /* Model */,
				A2EF5B602A252324001EBA7B /* ToRooApp.swift */,
				A2EF5B622A252324001EBA7B /* ContentView.swift */,
				A2A6BA3F2A8B1CA200AE84A1 /* SupportingFiles */,
				A2EF5B662A252325001EBA7B /* Preview Content */,
			);
			path = ToRoo;
			sourceTree = "<group>";
		};
		A2EF5B662A252325001EBA7B /* Preview Content */ = {
			isa = PBXGroup;
			children = (
				A2EF5B672A252325001EBA7B /* Preview Assets.xcassets */,
			);
			path = "Preview Content";
			sourceTree = "<group>";
		};
		A2EF5B9D2A278E06001EBA7B /* Model */ = {
			isa = PBXGroup;
			children = (
				A2A6B7E42A2F9B8800048231 /* WeekStore.swift */,
				A2EF5B9E2A278E16001EBA7B /* Sleep.swift */,
				A2A6BA442A8C7ADA00AE84A1 /* SleepEntry.swift */,
			);
			path = Model;
			sourceTree = "<group>";
		};
		A2EF5BA02A2799BE001EBA7B /* Views */ = {
			isa = PBXGroup;
			children = (
				A2A6B7F22A2FA01F00048231 /* Chart */,
				A2A6B7F12A2FA01100048231 /* Date */,
				A263145A2A32BED50044D204 /* HomeView.swift */,
				A23E36342A36303800EB2D12 /* PopUpViewInfo.swift */,
				A245D3FF2A34C0AD0058EABB /* WeeklyReportView.swift */,
				A245D4012A34CD0B0058EABB /* SleepEfficiency.swift */,
				A2EE7AD52A370C180055B5CC /* OnboardingView.swift */,
				A2EF5BA52A2B273B001EBA7B /* SleepSummaryView.swift */,
				74336CED2A37088500EB7C47 /* SleepStageSheetView.swift */,
			);
			path = Views;
			sourceTree = "<group>";
		};
		A2EF5BA12A2799C6001EBA7B /* Utilities */ = {
			isa = PBXGroup;
			children = (
				A2A6B7E62A2F9BE400048231 /* Enum */,
				A2A6B7E12A2F9B2600048231 /* Extensions */,
				A2EF5BA22A2799E1001EBA7B /* SleepEnum.swift */,
			);
			path = Utilities;
			sourceTree = "<group>";
		};
/* End PBXGroup section */

/* Begin PBXNativeTarget section */
		A2EF5B5C2A252323001EBA7B /* SleepWithToRoo */ = {
			isa = PBXNativeTarget;
			buildConfigurationList = A2EF5B702A252325001EBA7B /* Build configuration list for PBXNativeTarget "SleepWithToRoo" */;
			buildPhases = (
				A2EF5B592A252323001EBA7B /* Sources */,
				A2EF5B5A2A252323001EBA7B /* Frameworks */,
				A2EF5B5B2A252323001EBA7B /* Resources */,
				A21A5B352A376E9B00F141DF /* Embed Foundation Extensions */,
			);
			buildRules = (
			);
			dependencies = (
			);
			name = SleepWithToRoo;
			productName = ToRoo;
			productReference = A2EF5B5D2A252324001EBA7B /* SleepWithToRoo.app */;
			productType = "com.apple.product-type.application";
		};
/* End PBXNativeTarget section */

/* Begin PBXProject section */
		A2EF5B552A252323001EBA7B /* Project object */ = {
			isa = PBXProject;
			attributes = {
				BuildIndependentTargetsInParallel = 1;
				LastSwiftUpdateCheck = 1430;
				LastUpgradeCheck = 1430;
				TargetAttributes = {
					A2EF5B5C2A252323001EBA7B = {
						CreatedOnToolsVersion = 14.3;
					};
				};
			};
			buildConfigurationList = A2EF5B582A252323001EBA7B /* Build configuration list for PBXProject "SleepWithToRoo" */;
			compatibilityVersion = "Xcode 14.0";
			developmentRegion = en;
			hasScannedForEncodings = 0;
			knownRegions = (
				en,
				Base,
			);
			mainGroup = A2EF5B542A252323001EBA7B;
			productRefGroup = A2EF5B5E2A252324001EBA7B /* Products */;
			projectDirPath = "";
			projectRoot = "";
			targets = (
				A2EF5B5C2A252323001EBA7B /* SleepWithToRoo */,
			);
		};
/* End PBXProject section */

/* Begin PBXResourcesBuildPhase section */
		A2EF5B5B2A252323001EBA7B /* Resources */ = {
			isa = PBXResourcesBuildPhase;
			buildActionMask = 2147483647;
			files = (
				A2EF5B682A252325001EBA7B /* Preview Assets.xcassets in Resources */,
				A2EF5B652A252325001EBA7B /* Assets.xcassets in Resources */,
			);
			runOnlyForDeploymentPostprocessing = 0;
		};
/* End PBXResourcesBuildPhase section */

/* Begin PBXSourcesBuildPhase section */
		A2EF5B592A252323001EBA7B /* Sources */ = {
			isa = PBXSourcesBuildPhase;
			buildActionMask = 2147483647;
			files = (
				A2A6B7E52A2F9B8800048231 /* WeekStore.swift in Sources */,
				A2EF5BA32A2799E1001EBA7B /* SleepEnum.swift in Sources */,
				A263145B2A32BED50044D204 /* HomeView.swift in Sources */,
				A2A6B7E82A2F9BF400048231 /* TimeDirection.swift in Sources */,
				7475BC522A34653500B3DB7C /* Color.swift in Sources */,
				A2A6B7E32A2F9B4300048231 /* Date+Extension.swift in Sources */,
				A2A6B7EA2A2F9C4B00048231 /* InfiniteWeekView.swift in Sources */,
				A23E36352A36303800EB2D12 /* PopUpViewInfo.swift in Sources */,
				A2EF5BA62A2B273B001EBA7B /* SleepSummaryView.swift in Sources */,
				A245D4042A35AE540058EABB /* SleepFilteringFunc.swift in Sources */,
				7485EF8E2A36B50E0063A376 /* CharacterStateViewModel.swift in Sources */,
				A2EF5B9F2A278E16001EBA7B /* Sleep.swift in Sources */,
				74B121822A2D8E780080CF55 /* TimeBarChartView.swift in Sources */,
				A245D4002A34C0AD0058EABB /* WeeklyReportView.swift in Sources */,
				A245D4022A34CD0B0058EABB /* SleepEfficiency.swift in Sources */,
				A2EE7AD62A370C180055B5CC /* OnboardingView.swift in Sources */,
				A2A6BA452A8C7ADA00AE84A1 /* SleepEntry.swift in Sources */,
				A2EF5B632A252324001EBA7B /* ContentView.swift in Sources */,
				A2EE7AD42A36B9860055B5CC /* UserNotif.swift in Sources */,
				A2A6B7F02A2F9D1B00048231 /* WeekView.swift in Sources */,
				A2A6B7EE2A2F9CE400048231 /* WeeksTabView.swift in Sources */,
				7475BC3D2A345D9000B3DB7C /* Font.swift in Sources */,
				A2EF5B612A252324001EBA7B /* ToRooApp.swift in Sources */,
				74336CEE2A37088500EB7C47 /* SleepStageSheetView.swift in Sources */,
				7475BC312A32C14600B3DB7C /* OneDimensionalBarChartView.swift in Sources */,
				A2A6B7EC2A2F9CB300048231 /* WeekHeaderView.swift in Sources */,
			);
			runOnlyForDeploymentPostprocessing = 0;
		};
/* End PBXSourcesBuildPhase section */

/* Begin XCBuildConfiguration section */
		A2EF5B6E2A252325001EBA7B /* Debug */ = {
			isa = XCBuildConfiguration;
			buildSettings = {
				ALWAYS_SEARCH_USER_PATHS = NO;
				CLANG_ANALYZER_NONNULL = YES;
				CLANG_ANALYZER_NUMBER_OBJECT_CONVERSION = YES_AGGRESSIVE;
				CLANG_CXX_LANGUAGE_STANDARD = "gnu++20";
				CLANG_ENABLE_MODULES = YES;
				CLANG_ENABLE_OBJC_ARC = YES;
				CLANG_ENABLE_OBJC_WEAK = YES;
				CLANG_WARN_BLOCK_CAPTURE_AUTORELEASING = YES;
				CLANG_WARN_BOOL_CONVERSION = YES;
				CLANG_WARN_COMMA = YES;
				CLANG_WARN_CONSTANT_CONVERSION = YES;
				CLANG_WARN_DEPRECATED_OBJC_IMPLEMENTATIONS = YES;
				CLANG_WARN_DIRECT_OBJC_ISA_USAGE = YES_ERROR;
				CLANG_WARN_DOCUMENTATION_COMMENTS = YES;
				CLANG_WARN_EMPTY_BODY = YES;
				CLANG_WARN_ENUM_CONVERSION = YES;
				CLANG_WARN_INFINITE_RECURSION = YES;
				CLANG_WARN_INT_CONVERSION = YES;
				CLANG_WARN_NON_LITERAL_NULL_CONVERSION = YES;
				CLANG_WARN_OBJC_IMPLICIT_RETAIN_SELF = YES;
				CLANG_WARN_OBJC_LITERAL_CONVERSION = YES;
				CLANG_WARN_OBJC_ROOT_CLASS = YES_ERROR;
				CLANG_WARN_QUOTED_INCLUDE_IN_FRAMEWORK_HEADER = YES;
				CLANG_WARN_RANGE_LOOP_ANALYSIS = YES;
				CLANG_WARN_STRICT_PROTOTYPES = YES;
				CLANG_WARN_SUSPICIOUS_MOVE = YES;
				CLANG_WARN_UNGUARDED_AVAILABILITY = YES_AGGRESSIVE;
				CLANG_WARN_UNREACHABLE_CODE = YES;
				CLANG_WARN__DUPLICATE_METHOD_MATCH = YES;
				COPY_PHASE_STRIP = NO;
				DEBUG_INFORMATION_FORMAT = dwarf;
				ENABLE_STRICT_OBJC_MSGSEND = YES;
				ENABLE_TESTABILITY = YES;
				GCC_C_LANGUAGE_STANDARD = gnu11;
				GCC_DYNAMIC_NO_PIC = NO;
				GCC_NO_COMMON_BLOCKS = YES;
				GCC_OPTIMIZATION_LEVEL = 0;
				GCC_PREPROCESSOR_DEFINITIONS = (
					"DEBUG=1",
					"$(inherited)",
				);
				GCC_WARN_64_TO_32_BIT_CONVERSION = YES;
				GCC_WARN_ABOUT_RETURN_TYPE = YES_ERROR;
				GCC_WARN_UNDECLARED_SELECTOR = YES;
				GCC_WARN_UNINITIALIZED_AUTOS = YES_AGGRESSIVE;
				GCC_WARN_UNUSED_FUNCTION = YES;
				GCC_WARN_UNUSED_VARIABLE = YES;
				IPHONEOS_DEPLOYMENT_TARGET = 16.4;
				MTL_ENABLE_DEBUG_INFO = INCLUDE_SOURCE;
				MTL_FAST_MATH = YES;
				ONLY_ACTIVE_ARCH = YES;
				SDKROOT = iphoneos;
				SWIFT_ACTIVE_COMPILATION_CONDITIONS = DEBUG;
				SWIFT_OPTIMIZATION_LEVEL = "-Onone";
			};
			name = Debug;
		};
		A2EF5B6F2A252325001EBA7B /* Release */ = {
			isa = XCBuildConfiguration;
			buildSettings = {
				ALWAYS_SEARCH_USER_PATHS = NO;
				CLANG_ANALYZER_NONNULL = YES;
				CLANG_ANALYZER_NUMBER_OBJECT_CONVERSION = YES_AGGRESSIVE;
				CLANG_CXX_LANGUAGE_STANDARD = "gnu++20";
				CLANG_ENABLE_MODULES = YES;
				CLANG_ENABLE_OBJC_ARC = YES;
				CLANG_ENABLE_OBJC_WEAK = YES;
				CLANG_WARN_BLOCK_CAPTURE_AUTORELEASING = YES;
				CLANG_WARN_BOOL_CONVERSION = YES;
				CLANG_WARN_COMMA = YES;
				CLANG_WARN_CONSTANT_CONVERSION = YES;
				CLANG_WARN_DEPRECATED_OBJC_IMPLEMENTATIONS = YES;
				CLANG_WARN_DIRECT_OBJC_ISA_USAGE = YES_ERROR;
				CLANG_WARN_DOCUMENTATION_COMMENTS = YES;
				CLANG_WARN_EMPTY_BODY = YES;
				CLANG_WARN_ENUM_CONVERSION = YES;
				CLANG_WARN_INFINITE_RECURSION = YES;
				CLANG_WARN_INT_CONVERSION = YES;
				CLANG_WARN_NON_LITERAL_NULL_CONVERSION = YES;
				CLANG_WARN_OBJC_IMPLICIT_RETAIN_SELF = YES;
				CLANG_WARN_OBJC_LITERAL_CONVERSION = YES;
				CLANG_WARN_OBJC_ROOT_CLASS = YES_ERROR;
				CLANG_WARN_QUOTED_INCLUDE_IN_FRAMEWORK_HEADER = YES;
				CLANG_WARN_RANGE_LOOP_ANALYSIS = YES;
				CLANG_WARN_STRICT_PROTOTYPES = YES;
				CLANG_WARN_SUSPICIOUS_MOVE = YES;
				CLANG_WARN_UNGUARDED_AVAILABILITY = YES_AGGRESSIVE;
				CLANG_WARN_UNREACHABLE_CODE = YES;
				CLANG_WARN__DUPLICATE_METHOD_MATCH = YES;
				COPY_PHASE_STRIP = NO;
				DEBUG_INFORMATION_FORMAT = "dwarf-with-dsym";
				ENABLE_NS_ASSERTIONS = NO;
				ENABLE_STRICT_OBJC_MSGSEND = YES;
				GCC_C_LANGUAGE_STANDARD = gnu11;
				GCC_NO_COMMON_BLOCKS = YES;
				GCC_WARN_64_TO_32_BIT_CONVERSION = YES;
				GCC_WARN_ABOUT_RETURN_TYPE = YES_ERROR;
				GCC_WARN_UNDECLARED_SELECTOR = YES;
				GCC_WARN_UNINITIALIZED_AUTOS = YES_AGGRESSIVE;
				GCC_WARN_UNUSED_FUNCTION = YES;
				GCC_WARN_UNUSED_VARIABLE = YES;
				IPHONEOS_DEPLOYMENT_TARGET = 16.4;
				MTL_ENABLE_DEBUG_INFO = NO;
				MTL_FAST_MATH = YES;
				SDKROOT = iphoneos;
				SWIFT_COMPILATION_MODE = wholemodule;
				SWIFT_OPTIMIZATION_LEVEL = "-O";
				VALIDATE_PRODUCT = YES;
			};
			name = Release;
		};
		A2EF5B712A252325001EBA7B /* Debug */ = {
			isa = XCBuildConfiguration;
			buildSettings = {
				ASSETCATALOG_COMPILER_APPICON_NAME = AppIcon;
				ASSETCATALOG_COMPILER_GLOBAL_ACCENT_COLOR_NAME = AccentColor;
				CODE_SIGN_ALLOW_ENTITLEMENTS_MODIFICATION = YES;
				CODE_SIGN_ENTITLEMENTS = ToRoo/ToRoo.entitlements;
				CODE_SIGN_STYLE = Automatic;
				CURRENT_PROJECT_VERSION = 1;
				DEVELOPMENT_ASSET_PATHS = "\"ToRoo/Preview Content\"";
				DEVELOPMENT_TEAM = D4KUJS22Y9;
				ENABLE_PREVIEWS = YES;
				GENERATE_INFOPLIST_FILE = YES;
				INFOPLIST_FILE = ToRoo/Info.plist;
				INFOPLIST_KEY_CFBundleDisplayName = "ToRoo ";
				INFOPLIST_KEY_LSApplicationCategoryType = "";
				INFOPLIST_KEY_NSHealthShareUsageDescription = "this app will use health share";
				INFOPLIST_KEY_NSHealthUpdateUsageDescription = "this app will use health upadte";
				INFOPLIST_KEY_UIApplicationSceneManifest_Generation = YES;
				INFOPLIST_KEY_UIApplicationSupportsIndirectInputEvents = YES;
				INFOPLIST_KEY_UILaunchScreen_Generation = YES;
				INFOPLIST_KEY_UISupportedInterfaceOrientations_iPad = "UIInterfaceOrientationPortrait UIInterfaceOrientationPortraitUpsideDown UIInterfaceOrientationLandscapeLeft UIInterfaceOrientationLandscapeRight";
				INFOPLIST_KEY_UISupportedInterfaceOrientations_iPhone = "UIInterfaceOrientationPortrait UIInterfaceOrientationLandscapeLeft UIInterfaceOrientationLandscapeRight";
				LD_RUNPATH_SEARCH_PATHS = (
					"$(inherited)",
					"@executable_path/Frameworks",
				);
				MARKETING_VERSION = 1.0;
				PRODUCT_BUNDLE_IDENTIFIER = com.mataEmpat.ToRoo;
				PRODUCT_NAME = "$(TARGET_NAME)";
				SWIFT_EMIT_LOC_STRINGS = YES;
				SWIFT_VERSION = 5.0;
				TARGETED_DEVICE_FAMILY = "1,2";
			};
			name = Debug;
		};
		A2EF5B722A252325001EBA7B /* Release */ = {
			isa = XCBuildConfiguration;
			buildSettings = {
				ASSETCATALOG_COMPILER_APPICON_NAME = AppIcon;
				ASSETCATALOG_COMPILER_GLOBAL_ACCENT_COLOR_NAME = AccentColor;
				CODE_SIGN_ALLOW_ENTITLEMENTS_MODIFICATION = YES;
				CODE_SIGN_ENTITLEMENTS = ToRoo/ToRoo.entitlements;
				CODE_SIGN_STYLE = Automatic;
				CURRENT_PROJECT_VERSION = 1;
				DEVELOPMENT_ASSET_PATHS = "\"ToRoo/Preview Content\"";
				DEVELOPMENT_TEAM = D4KUJS22Y9;
				ENABLE_PREVIEWS = YES;
				GENERATE_INFOPLIST_FILE = YES;
				INFOPLIST_FILE = ToRoo/Info.plist;
				INFOPLIST_KEY_CFBundleDisplayName = "ToRoo ";
				INFOPLIST_KEY_LSApplicationCategoryType = "";
				INFOPLIST_KEY_NSHealthShareUsageDescription = "this app will use health share";
				INFOPLIST_KEY_NSHealthUpdateUsageDescription = "this app will use health upadte";
				INFOPLIST_KEY_UIApplicationSceneManifest_Generation = YES;
				INFOPLIST_KEY_UIApplicationSupportsIndirectInputEvents = YES;
				INFOPLIST_KEY_UILaunchScreen_Generation = YES;
				INFOPLIST_KEY_UISupportedInterfaceOrientations_iPad = "UIInterfaceOrientationPortrait UIInterfaceOrientationPortraitUpsideDown UIInterfaceOrientationLandscapeLeft UIInterfaceOrientationLandscapeRight";
				INFOPLIST_KEY_UISupportedInterfaceOrientations_iPhone = "UIInterfaceOrientationPortrait UIInterfaceOrientationLandscapeLeft UIInterfaceOrientationLandscapeRight";
				LD_RUNPATH_SEARCH_PATHS = (
					"$(inherited)",
					"@executable_path/Frameworks",
				);
				MARKETING_VERSION = 1.0;
				PRODUCT_BUNDLE_IDENTIFIER = com.mataEmpat.ToRoo;
				PRODUCT_NAME = "$(TARGET_NAME)";
				SWIFT_EMIT_LOC_STRINGS = YES;
				SWIFT_VERSION = 5.0;
				TARGETED_DEVICE_FAMILY = "1,2";
			};
			name = Release;
		};
/* End XCBuildConfiguration section */

/* Begin XCConfigurationList section */
		A2EF5B582A252323001EBA7B /* Build configuration list for PBXProject "SleepWithToRoo" */ = {
			isa = XCConfigurationList;
			buildConfigurations = (
				A2EF5B6E2A252325001EBA7B /* Debug */,
				A2EF5B6F2A252325001EBA7B /* Release */,
			);
			defaultConfigurationIsVisible = 0;
			defaultConfigurationName = Release;
		};
		A2EF5B702A252325001EBA7B /* Build configuration list for PBXNativeTarget "SleepWithToRoo" */ = {
			isa = XCConfigurationList;
			buildConfigurations = (
				A2EF5B712A252325001EBA7B /* Debug */,
				A2EF5B722A252325001EBA7B /* Release */,
			);
			defaultConfigurationIsVisible = 0;
			defaultConfigurationName = Release;
		};
/* End XCConfigurationList section */
	};
	rootObject = A2EF5B552A252323001EBA7B /* Project object */;
}
